
Microsoft Visual Studio Solution File, Format Version 12.00
# Visual Studio Version 17
VisualStudioVersion = 17.9.34622.214
MinimumVisualStudioVersion = 10.0.40219.1
Project("{FAE04EC0-301F-11D3-BF4B-00C04F79EFBC}") = "Exercicio6", "Exercicio6.csproj", "{BB021984-F5D6-4A20-B51B-0525098D9BD8}"
EndProject
Global
	GlobalSection(SolutionConfigurationPlatforms) = preSolution
		Debug|Any CPU = Debug|Any CPU
		Release|Any CPU = Release|Any CPU
	EndGlobalSection
	GlobalSection(ProjectConfigurationPlatforms) = postSolution
		{BB021984-F5D6-4A20-B51B-0525098D9BD8}.Debug|Any CPU.ActiveCfg = Debug|Any CPU
		{BB021984-F5D6-4A20-B51B-0525098D9BD8}.Debug|Any CPU.Build.0 = Debug|Any CPU
		{BB021984-F5D6-4A20-B51B-0525098D9BD8}.Release|Any CPU.ActiveCfg = Release|Any CPU
		{BB021984-F5D6-4A20-B51B-0525098D9BD8}.Release|Any CPU.Build.0 = Release|Any CPU
	EndGlobalSection
	GlobalSection(SolutionProperties) = preSolution
		HideSolutionNode = FALSE
	EndGlobalSection
	GlobalSection(ExtensibilityGlobals) = postSolution
		SolutionGuid = {0708E126-CF14-4437-92AB-C44CFF173F92}
	EndGlobalSection
EndGlobal
