
Microsoft Visual Studio Solution File, Format Version 12.00
# Visual Studio Version 17
VisualStudioVersion = 17.11.35327.3
MinimumVisualStudioVersion = 10.0.40219.1
Project("{9A19103F-16F7-4668-BE54-9A1E7A4F7556}") = "Exercises", "Exercises.csproj", "{7E06CB48-7CD7-4CA0-85F4-6639D3F2A149}"
EndProject
Project("{9A19103F-16F7-4668-BE54-9A1E7A4F7556}") = "Exercise2", "..\StringBuilder\Exercise2.csproj", "{F816DF09-6A42-4E5A-9AE2-CC4FB02D00E4}"
EndProject
Global
	GlobalSection(SolutionConfigurationPlatforms) = preSolution
		Debug|Any CPU = Debug|Any CPU
		Release|Any CPU = Release|Any CPU
	EndGlobalSection
	GlobalSection(ProjectConfigurationPlatforms) = postSolution
		{7E06CB48-7CD7-4CA0-85F4-6639D3F2A149}.Debug|Any CPU.ActiveCfg = Debug|Any CPU
		{7E06CB48-7CD7-4CA0-85F4-6639D3F2A149}.Debug|Any CPU.Build.0 = Debug|Any CPU
		{7E06CB48-7CD7-4CA0-85F4-6639D3F2A149}.Release|Any CPU.ActiveCfg = Release|Any CPU
		{7E06CB48-7CD7-4CA0-85F4-6639D3F2A149}.Release|Any CPU.Build.0 = Release|Any CPU
		{F816DF09-6A42-4E5A-9AE2-CC4FB02D00E4}.Debug|Any CPU.ActiveCfg = Debug|Any CPU
		{F816DF09-6A42-4E5A-9AE2-CC4FB02D00E4}.Debug|Any CPU.Build.0 = Debug|Any CPU
		{F816DF09-6A42-4E5A-9AE2-CC4FB02D00E4}.Release|Any CPU.ActiveCfg = Release|Any CPU
		{F816DF09-6A42-4E5A-9AE2-CC4FB02D00E4}.Release|Any CPU.Build.0 = Release|Any CPU
	EndGlobalSection
	GlobalSection(SolutionProperties) = preSolution
		HideSolutionNode = FALSE
	EndGlobalSection
	GlobalSection(ExtensibilityGlobals) = postSolution
		SolutionGuid = {92B1F5B7-79B2-4E8F-8B46-E8FC6C26F87D}
	EndGlobalSection
EndGlobal
