
Microsoft Visual Studio Solution File, Format Version 12.00
# Visual Studio Version 17
VisualStudioVersion = 17.9.34622.214
MinimumVisualStudioVersion = 10.0.40219.1
Project("{FAE04EC0-301F-11D3-BF4B-00C04F79EFBC}") = "Exercicio2", "Exercicio2.csproj", "{239FFC04-92EE-49B0-846E-E5F29ED50DFA}"
EndProject
Global
	GlobalSection(SolutionConfigurationPlatforms) = preSolution
		Debug|Any CPU = Debug|Any CPU
		Release|Any CPU = Release|Any CPU
	EndGlobalSection
	GlobalSection(ProjectConfigurationPlatforms) = postSolution
		{239FFC04-92EE-49B0-846E-E5F29ED50DFA}.Debug|Any CPU.ActiveCfg = Debug|Any CPU
		{239FFC04-92EE-49B0-846E-E5F29ED50DFA}.Debug|Any CPU.Build.0 = Debug|Any CPU
		{239FFC04-92EE-49B0-846E-E5F29ED50DFA}.Release|Any CPU.ActiveCfg = Release|Any CPU
		{239FFC04-92EE-49B0-846E-E5F29ED50DFA}.Release|Any CPU.Build.0 = Release|Any CPU
	EndGlobalSection
	GlobalSection(SolutionProperties) = preSolution
		HideSolutionNode = FALSE
	EndGlobalSection
	GlobalSection(ExtensibilityGlobals) = postSolution
		SolutionGuid = {BA9DDFD4-4084-45C4-9428-6B7AEC7F8BFE}
	EndGlobalSection
EndGlobal
