
Microsoft Visual Studio Solution File, Format Version 12.00
# Visual Studio Version 17
VisualStudioVersion = 17.10.35013.160
MinimumVisualStudioVersion = 10.0.40219.1
Project("{9A19103F-16F7-4668-BE54-9A1E7A4F7556}") = "Switch-Case", "Switch-Case\Switch-Case.csproj", "{4D3DD360-7BC9-490A-8D9F-D286C50A6479}"
EndProject
Project("{9A19103F-16F7-4668-BE54-9A1E7A4F7556}") = "Ternary", "Ternary\Ternary.csproj", "{0451B562-6679-4C76-A4F7-6BBCCFF9A2C4}"
EndProject
Project("{9A19103F-16F7-4668-BE54-9A1E7A4F7556}") = "FuncoesString", "FuncoesString\FuncoesString.csproj", "{1748B8B4-81C5-4D71-9DFB-4666B09D8092}"
EndProject
Project("{9A19103F-16F7-4668-BE54-9A1E7A4F7556}") = "Date-Time", "Date-Time\Date-Time.csproj", "{D47A3267-6E66-4C1D-9ACA-944EA2F40DEA}"
EndProject
Project("{FAE04EC0-301F-11D3-BF4B-00C04F79EFBC}") = "Time-Span", "Time-Span\Time-Span.csproj", "{C0A11C04-799A-473E-AA4B-1AEE714DA118}"
EndProject
Global
	GlobalSection(SolutionConfigurationPlatforms) = preSolution
		Debug|Any CPU = Debug|Any CPU
		Release|Any CPU = Release|Any CPU
	EndGlobalSection
	GlobalSection(ProjectConfigurationPlatforms) = postSolution
		{4D3DD360-7BC9-490A-8D9F-D286C50A6479}.Debug|Any CPU.ActiveCfg = Debug|Any CPU
		{4D3DD360-7BC9-490A-8D9F-D286C50A6479}.Debug|Any CPU.Build.0 = Debug|Any CPU
		{4D3DD360-7BC9-490A-8D9F-D286C50A6479}.Release|Any CPU.ActiveCfg = Release|Any CPU
		{4D3DD360-7BC9-490A-8D9F-D286C50A6479}.Release|Any CPU.Build.0 = Release|Any CPU
		{0451B562-6679-4C76-A4F7-6BBCCFF9A2C4}.Debug|Any CPU.ActiveCfg = Debug|Any CPU
		{0451B562-6679-4C76-A4F7-6BBCCFF9A2C4}.Debug|Any CPU.Build.0 = Debug|Any CPU
		{0451B562-6679-4C76-A4F7-6BBCCFF9A2C4}.Release|Any CPU.ActiveCfg = Release|Any CPU
		{0451B562-6679-4C76-A4F7-6BBCCFF9A2C4}.Release|Any CPU.Build.0 = Release|Any CPU
		{1748B8B4-81C5-4D71-9DFB-4666B09D8092}.Debug|Any CPU.ActiveCfg = Debug|Any CPU
		{1748B8B4-81C5-4D71-9DFB-4666B09D8092}.Debug|Any CPU.Build.0 = Debug|Any CPU
		{1748B8B4-81C5-4D71-9DFB-4666B09D8092}.Release|Any CPU.ActiveCfg = Release|Any CPU
		{1748B8B4-81C5-4D71-9DFB-4666B09D8092}.Release|Any CPU.Build.0 = Release|Any CPU
		{D47A3267-6E66-4C1D-9ACA-944EA2F40DEA}.Debug|Any CPU.ActiveCfg = Debug|Any CPU
		{D47A3267-6E66-4C1D-9ACA-944EA2F40DEA}.Debug|Any CPU.Build.0 = Debug|Any CPU
		{D47A3267-6E66-4C1D-9ACA-944EA2F40DEA}.Release|Any CPU.ActiveCfg = Release|Any CPU
		{D47A3267-6E66-4C1D-9ACA-944EA2F40DEA}.Release|Any CPU.Build.0 = Release|Any CPU
		{C0A11C04-799A-473E-AA4B-1AEE714DA118}.Debug|Any CPU.ActiveCfg = Debug|Any CPU
		{C0A11C04-799A-473E-AA4B-1AEE714DA118}.Debug|Any CPU.Build.0 = Debug|Any CPU
		{C0A11C04-799A-473E-AA4B-1AEE714DA118}.Release|Any CPU.ActiveCfg = Release|Any CPU
		{C0A11C04-799A-473E-AA4B-1AEE714DA118}.Release|Any CPU.Build.0 = Release|Any CPU
	EndGlobalSection
	GlobalSection(SolutionProperties) = preSolution
		HideSolutionNode = FALSE
	EndGlobalSection
	GlobalSection(ExtensibilityGlobals) = postSolution
		SolutionGuid = {242B34F6-0D66-4C5F-9DA1-67F5A9F5BBD9}
	EndGlobalSection
EndGlobal
