
Microsoft Visual Studio Solution File, Format Version 12.00
# Visual Studio Version 17
VisualStudioVersion = 17.9.34622.214
MinimumVisualStudioVersion = 10.0.40219.1
Project("{FAE04EC0-301F-11D3-BF4B-00C04F79EFBC}") = "Exercicio6", "Exercicio6.csproj", "{30F346ED-1857-47FB-B85A-B6BB3362A752}"
EndProject
Global
	GlobalSection(SolutionConfigurationPlatforms) = preSolution
		Debug|Any CPU = Debug|Any CPU
		Release|Any CPU = Release|Any CPU
	EndGlobalSection
	GlobalSection(ProjectConfigurationPlatforms) = postSolution
		{30F346ED-1857-47FB-B85A-B6BB3362A752}.Debug|Any CPU.ActiveCfg = Debug|Any CPU
		{30F346ED-1857-47FB-B85A-B6BB3362A752}.Debug|Any CPU.Build.0 = Debug|Any CPU
		{30F346ED-1857-47FB-B85A-B6BB3362A752}.Release|Any CPU.ActiveCfg = Release|Any CPU
		{30F346ED-1857-47FB-B85A-B6BB3362A752}.Release|Any CPU.Build.0 = Release|Any CPU
	EndGlobalSection
	GlobalSection(SolutionProperties) = preSolution
		HideSolutionNode = FALSE
	EndGlobalSection
	GlobalSection(ExtensibilityGlobals) = postSolution
		SolutionGuid = {E6AA31BD-E8D2-432E-ADA4-4A75A1632B02}
	EndGlobalSection
EndGlobal
